
Microsoft Visual Studio Solution File, Format Version 12.00
Project("{FAE04EC0-301F-11D3-BF4B-00C04F79EFBC}") = "practice6WPF", "practice6WPF.csproj", "{E8AEC722-382E-412E-922B-A395DB389950}"
EndProject
Global
	GlobalSection(SolutionConfigurationPlatforms) = preSolution
		Debug|Any CPU = Debug|Any CPU
		Release|Any CPU = Release|Any CPU
	EndGlobalSection
	GlobalSection(ProjectConfigurationPlatforms) = postSolution
		{E8AEC722-382E-412E-922B-A395DB389950}.Debug|Any CPU.ActiveCfg = Debug|Any CPU
		{E8AEC722-382E-412E-922B-A395DB389950}.Debug|Any CPU.Build.0 = Debug|Any CPU
		{E8AEC722-382E-412E-922B-A395DB389950}.Release|Any CPU.ActiveCfg = Release|Any CPU
		{E8AEC722-382E-412E-922B-A395DB389950}.Release|Any CPU.Build.0 = Release|Any CPU
	EndGlobalSection
EndGlobal
